
Microsoft Visual Studio Solution File, Format Version 12.00
# Visual Studio Version 17
VisualStudioVersion = 17.5.33516.290
MinimumVisualStudioVersion = 10.0.40219.1
Project("{FAE04EC0-301F-11D3-BF4B-00C04F79EFBC}") = "BackEnd", "BackEnd\BackEnd.csproj", "{1186606C-CA23-4DAA-9871-86FFD8AF9DBF}"
EndProject
Global
	GlobalSection(SolutionConfigurationPlatforms) = preSolution
		Debug|Any CPU = Debug|Any CPU
		Release|Any CPU = Release|Any CPU
	EndGlobalSection
	GlobalSection(ProjectConfigurationPlatforms) = postSolution
		{1186606C-CA23-4DAA-9871-86FFD8AF9DBF}.Debug|Any CPU.ActiveCfg = Debug|Any CPU
		{1186606C-CA23-4DAA-9871-86FFD8AF9DBF}.Debug|Any CPU.Build.0 = Debug|Any CPU
		{1186606C-CA23-4DAA-9871-86FFD8AF9DBF}.Release|Any CPU.ActiveCfg = Release|Any CPU
		{1186606C-CA23-4DAA-9871-86FFD8AF9DBF}.Release|Any CPU.Build.0 = Release|Any CPU
	EndGlobalSection
	GlobalSection(SolutionProperties) = preSolution
		HideSolutionNode = FALSE
	EndGlobalSection
	GlobalSection(ExtensibilityGlobals) = postSolution
		SolutionGuid = {2F80E988-65DC-4069-82A9-7B359D3773BD}
	EndGlobalSection
EndGlobal
